{
  "name": "byjoba-web",
  "lockfileVersion": 3,
  "requires": true,
  "packages": {
    "": {
      "name": "byjoba-web",
      "workspaces": [
        "site"
      ]
    },
    "node_modules/@byjoba-web/site": {
      "resolved": "site",
      "link": true
    },
    "site": {
      "name": "@byjoba-web/site"
    }
  }
}
